schema: '2.0'
stages:
  prepare:
    cmd: python src/prepare.py
    deps:
    - path: data/raw/final_ml_dataset2.csv
      hash: md5
      md5: 7df641b987fc4c3caf362df24e3b5c2f
      size: 1809235
    - path: src/prepare.py
      hash: md5
      md5: 1c32a7f8496d7efe2cb284499769e816
      size: 1909
    outs:
    - path: data/processed/test.csv
      hash: md5
      md5: fa410d6c65157e6f7506eaae3f5d2677
      size: 402327
    - path: data/processed/train.csv
      hash: md5
      md5: d06e5a947e4bcac4712858a6e5e847b8
      size: 1608173
  train:
    cmd: python src/train.py
    deps:
    - path: data/processed/test.csv
      hash: md5
      md5: fa410d6c65157e6f7506eaae3f5d2677
      size: 402327
    - path: data/processed/train.csv
      hash: md5
      md5: d06e5a947e4bcac4712858a6e5e847b8
      size: 1608173
    - path: src/train.py
      hash: md5
      md5: a2a115f1a89e5a9447f748e0a704d7e6
      size: 4467
    outs:
    - path: saved_models/xgboost_demand_model.pkl
      hash: md5
      md5: 29b372819021d6f98e6a61f0c2425c9e
      size: 561553
